
Microsoft Visual Studio Solution File, Format Version 12.00
# Visual Studio Version 16
VisualStudioVersion = 16.0.31112.23
MinimumVisualStudioVersion = 10.0.40219.1
Project("{FAE04EC0-301F-11D3-BF4B-00C04F79EFBC}") = "RezervariHotel", "RezervariHotel\RezervariHotel.csproj", "{E336A13D-55BF-4F2C-A7A4-DB281EC789F1}"
EndProject
Global
	GlobalSection(SolutionConfigurationPlatforms) = preSolution
		Debug|Any CPU = Debug|Any CPU
		Release|Any CPU = Release|Any CPU
	EndGlobalSection
	GlobalSection(ProjectConfigurationPlatforms) = postSolution
		{E336A13D-55BF-4F2C-A7A4-DB281EC789F1}.Debug|Any CPU.ActiveCfg = Debug|Any CPU
		{E336A13D-55BF-4F2C-A7A4-DB281EC789F1}.Debug|Any CPU.Build.0 = Debug|Any CPU
		{E336A13D-55BF-4F2C-A7A4-DB281EC789F1}.Release|Any CPU.ActiveCfg = Release|Any CPU
		{E336A13D-55BF-4F2C-A7A4-DB281EC789F1}.Release|Any CPU.Build.0 = Release|Any CPU
	EndGlobalSection
	GlobalSection(SolutionProperties) = preSolution
		HideSolutionNode = FALSE
	EndGlobalSection
	GlobalSection(ExtensibilityGlobals) = postSolution
		SolutionGuid = {5BE32F24-1AD2-41D1-BE5B-A8B8C38BD0FF}
	EndGlobalSection
EndGlobal
